
Microsoft Visual Studio Solution File, Format Version 12.00
# Visual Studio 15
VisualStudioVersion = 15.0.26730.16
MinimumVisualStudioVersion = 10.0.40219.1
Project("{FAE04EC0-301F-11D3-BF4B-00C04F79EFBC}") = "Lab1", "Lab1\Lab1.csproj", "{7683E7ED-FC98-4262-94DD-16CC67774741}"
EndProject
Global
	GlobalSection(SolutionConfigurationPlatforms) = preSolution
		Debug|Any CPU = Debug|Any CPU
		Release|Any CPU = Release|Any CPU
	EndGlobalSection
	GlobalSection(ProjectConfigurationPlatforms) = postSolution
		{7683E7ED-FC98-4262-94DD-16CC67774741}.Debug|Any CPU.ActiveCfg = Debug|Any CPU
		{7683E7ED-FC98-4262-94DD-16CC67774741}.Debug|Any CPU.Build.0 = Debug|Any CPU
		{7683E7ED-FC98-4262-94DD-16CC67774741}.Release|Any CPU.ActiveCfg = Release|Any CPU
		{7683E7ED-FC98-4262-94DD-16CC67774741}.Release|Any CPU.Build.0 = Release|Any CPU
	EndGlobalSection
	GlobalSection(SolutionProperties) = preSolution
		HideSolutionNode = FALSE
	EndGlobalSection
	GlobalSection(ExtensibilityGlobals) = postSolution
		SolutionGuid = {EF72B5F5-FDBD-420B-A33F-45F729A619BF}
	EndGlobalSection
EndGlobal
